
Microsoft Visual Studio Solution File, Format Version 12.00
# Visual Studio Version 16
VisualStudioVersion = 16.0.30002.166
MinimumVisualStudioVersion = 10.0.40219.1
Project("{FAE04EC0-301F-11D3-BF4B-00C04F79EFBC}") = "In-Class Activity Week 1 PRG", "In-Class Activity Week 1 PRG\In-Class Activity Week 1 PRG.csproj", "{D43F6C70-7D9A-4093-B89E-85D5CA792FDE}"
EndProject
Global
	GlobalSection(SolutionConfigurationPlatforms) = preSolution
		Debug|Any CPU = Debug|Any CPU
		Release|Any CPU = Release|Any CPU
	EndGlobalSection
	GlobalSection(ProjectConfigurationPlatforms) = postSolution
		{D43F6C70-7D9A-4093-B89E-85D5CA792FDE}.Debug|Any CPU.ActiveCfg = Debug|Any CPU
		{D43F6C70-7D9A-4093-B89E-85D5CA792FDE}.Debug|Any CPU.Build.0 = Debug|Any CPU
		{D43F6C70-7D9A-4093-B89E-85D5CA792FDE}.Release|Any CPU.ActiveCfg = Release|Any CPU
		{D43F6C70-7D9A-4093-B89E-85D5CA792FDE}.Release|Any CPU.Build.0 = Release|Any CPU
	EndGlobalSection
	GlobalSection(SolutionProperties) = preSolution
		HideSolutionNode = FALSE
	EndGlobalSection
	GlobalSection(ExtensibilityGlobals) = postSolution
		SolutionGuid = {49A5736D-D2B8-4BCE-9048-850F61DDB9EB}
	EndGlobalSection
EndGlobal
